
Microsoft Visual Studio Solution File, Format Version 12.00
# Visual Studio Version 16
VisualStudioVersion = 16.0.29201.188
MinimumVisualStudioVersion = 10.0.40219.1
Project("{2150E333-8FDC-42A3-9474-1A3956D46DE8}") = "Book", "Book", "{4BA87232-89B7-4381-9830-031E5BFD8F24}"
EndProject
Project("{2150E333-8FDC-42A3-9474-1A3956D46DE8}") = "Containers", "Containers", "{93AE16C0-A0FC-45C7-8421-2E98A7782666}"
EndProject
Project("{2150E333-8FDC-42A3-9474-1A3956D46DE8}") = "Bookstore", "Bookstore", "{1A3C97C9-9F80-4249-A87A-DFF3F197F880}"
EndProject
Project("{2150E333-8FDC-42A3-9474-1A3956D46DE8}") = "Containers", "Containers", "{76008767-F3F9-4D2F-BE18-C7B28036DC5B}"
EndProject
Project("{2150E333-8FDC-42A3-9474-1A3956D46DE8}") = "Library", "Library", "{F7E4DFC2-9D1F-4139-84A2-E217D2551F9A}"
EndProject
Project("{2150E333-8FDC-42A3-9474-1A3956D46DE8}") = "_Framework", "_Framework", "{45F64213-6538-41C3-929F-C7C4E5F11D2F}"
EndProject
Project("{9A19103F-16F7-4668-BE54-9A1E7A4F7556}") = "Framework", "..\dotnet-packages\framework\src\Framework.csproj", "{A90F9388-2E16-4B43-B7CC-4110359BF81A}"
EndProject
Project("{2150E333-8FDC-42A3-9474-1A3956D46DE8}") = "Containers", "Containers", "{1CC9B228-4820-461A-87E1-E2800DFF0396}"
EndProject
Project("{9A19103F-16F7-4668-BE54-9A1E7A4F7556}") = "Book", "..\dotnet-packages\book\src\Book.csproj", "{B2608F3E-E03E-407F-91D8-B17B2C1A3D9F}"
EndProject
Project("{9A19103F-16F7-4668-BE54-9A1E7A4F7556}") = "Book.Tests", "..\dotnet-packages\book\test\Book.Tests.csproj", "{B084A199-0DD5-4736-A94A-2E59E31911CC}"
EndProject
Project("{9A19103F-16F7-4668-BE54-9A1E7A4F7556}") = "Book.Tools", "..\dotnet-packages\book\tools\Book.Tools.csproj", "{308EF170-4CFC-491C-9F3E-CAFD75DC0A37}"
EndProject
Project("{9A19103F-16F7-4668-BE54-9A1E7A4F7556}") = "Bookstore", "..\dotnet-packages\bookstore\src\Bookstore.csproj", "{ED13DB9F-C666-44ED-8A98-55E090779D40}"
EndProject
Project("{9A19103F-16F7-4668-BE54-9A1E7A4F7556}") = "Bookstore.Tests", "..\dotnet-packages\bookstore\test\Bookstore.Tests.csproj", "{AEA3136D-E70F-4BAF-B28C-77211600930B}"
EndProject
Project("{9A19103F-16F7-4668-BE54-9A1E7A4F7556}") = "Bookstore.Tools", "..\dotnet-packages\bookstore\tools\Bookstore.Tools.csproj", "{26019B10-48C7-4EA5-8C7C-5B86D459029A}"
EndProject
Project("{9A19103F-16F7-4668-BE54-9A1E7A4F7556}") = "Library", "..\dotnet-packages\library\src\Library.csproj", "{FFAE7D1E-038A-4830-8CCC-D12261E9BC2E}"
EndProject
Project("{9A19103F-16F7-4668-BE54-9A1E7A4F7556}") = "Library.Tests", "..\dotnet-packages\library\test\Library.Tests.csproj", "{34CF06BB-0142-4645-B8C0-85E4FA2FAECB}"
EndProject
Project("{9A19103F-16F7-4668-BE54-9A1E7A4F7556}") = "Library.Tools", "..\dotnet-packages\library\tools\Library.Tools.csproj", "{2C38F29D-86BE-4B64-9FA7-8B2C8C994B1C}"
EndProject
Project("{9A19103F-16F7-4668-BE54-9A1E7A4F7556}") = "Library.Job", "..\containers\job-library\src\Library.Job.csproj", "{843E4A07-6536-4989-B08E-74BE1415695C}"
EndProject
Project("{9A19103F-16F7-4668-BE54-9A1E7A4F7556}") = "Library.Consumer", "..\containers\consumer-library\src\Library.Consumer.csproj", "{2A31E3EF-364C-4F1E-B97B-CFC5C005A494}"
EndProject
Project("{9A19103F-16F7-4668-BE54-9A1E7A4F7556}") = "Library.Api", "..\containers\api-library\src\Library.Api.csproj", "{51084A7E-66BD-488D-90C3-0D7D346D9709}"
EndProject
Project("{9A19103F-16F7-4668-BE54-9A1E7A4F7556}") = "Bookstore.Api", "..\containers\api-bookstore\src\Bookstore.Api.csproj", "{1CFFF128-C138-4351-A3E5-580E78ABB9A2}"
EndProject
Project("{9A19103F-16F7-4668-BE54-9A1E7A4F7556}") = "Bookstore.Consumer", "..\containers\consumer-bookstore\src\Bookstore.Consumer.csproj", "{F7056774-A549-46BE-9B5F-821ECCCBBAB3}"
EndProject
Project("{9A19103F-16F7-4668-BE54-9A1E7A4F7556}") = "Book.Consumer", "..\containers\consumer-book\src\Book.Consumer.csproj", "{98B4E195-3858-4D27-AF1D-EBB5EB764BA6}"
EndProject
Project("{9A19103F-16F7-4668-BE54-9A1E7A4F7556}") = "Book.Api", "..\containers\api-book\src\Book.Api.csproj", "{6446C1F2-DCF1-48FB-BD14-1ADEFBAC4D74}"
EndProject
Global
	GlobalSection(SolutionConfigurationPlatforms) = preSolution
		Debug|Any CPU = Debug|Any CPU
		Release|Any CPU = Release|Any CPU
	EndGlobalSection
	GlobalSection(ProjectConfigurationPlatforms) = postSolution
		{A90F9388-2E16-4B43-B7CC-4110359BF81A}.Debug|Any CPU.ActiveCfg = Debug|Any CPU
		{A90F9388-2E16-4B43-B7CC-4110359BF81A}.Debug|Any CPU.Build.0 = Debug|Any CPU
		{A90F9388-2E16-4B43-B7CC-4110359BF81A}.Release|Any CPU.ActiveCfg = Release|Any CPU
		{A90F9388-2E16-4B43-B7CC-4110359BF81A}.Release|Any CPU.Build.0 = Release|Any CPU
		{B2608F3E-E03E-407F-91D8-B17B2C1A3D9F}.Debug|Any CPU.ActiveCfg = Debug|Any CPU
		{B2608F3E-E03E-407F-91D8-B17B2C1A3D9F}.Debug|Any CPU.Build.0 = Debug|Any CPU
		{B2608F3E-E03E-407F-91D8-B17B2C1A3D9F}.Release|Any CPU.ActiveCfg = Release|Any CPU
		{B2608F3E-E03E-407F-91D8-B17B2C1A3D9F}.Release|Any CPU.Build.0 = Release|Any CPU
		{B084A199-0DD5-4736-A94A-2E59E31911CC}.Debug|Any CPU.ActiveCfg = Debug|Any CPU
		{B084A199-0DD5-4736-A94A-2E59E31911CC}.Debug|Any CPU.Build.0 = Debug|Any CPU
		{B084A199-0DD5-4736-A94A-2E59E31911CC}.Release|Any CPU.ActiveCfg = Release|Any CPU
		{B084A199-0DD5-4736-A94A-2E59E31911CC}.Release|Any CPU.Build.0 = Release|Any CPU
		{308EF170-4CFC-491C-9F3E-CAFD75DC0A37}.Debug|Any CPU.ActiveCfg = Debug|Any CPU
		{308EF170-4CFC-491C-9F3E-CAFD75DC0A37}.Debug|Any CPU.Build.0 = Debug|Any CPU
		{308EF170-4CFC-491C-9F3E-CAFD75DC0A37}.Release|Any CPU.ActiveCfg = Release|Any CPU
		{308EF170-4CFC-491C-9F3E-CAFD75DC0A37}.Release|Any CPU.Build.0 = Release|Any CPU
		{ED13DB9F-C666-44ED-8A98-55E090779D40}.Debug|Any CPU.ActiveCfg = Debug|Any CPU
		{ED13DB9F-C666-44ED-8A98-55E090779D40}.Debug|Any CPU.Build.0 = Debug|Any CPU
		{ED13DB9F-C666-44ED-8A98-55E090779D40}.Release|Any CPU.ActiveCfg = Release|Any CPU
		{ED13DB9F-C666-44ED-8A98-55E090779D40}.Release|Any CPU.Build.0 = Release|Any CPU
		{AEA3136D-E70F-4BAF-B28C-77211600930B}.Debug|Any CPU.ActiveCfg = Debug|Any CPU
		{AEA3136D-E70F-4BAF-B28C-77211600930B}.Debug|Any CPU.Build.0 = Debug|Any CPU
		{AEA3136D-E70F-4BAF-B28C-77211600930B}.Release|Any CPU.ActiveCfg = Release|Any CPU
		{AEA3136D-E70F-4BAF-B28C-77211600930B}.Release|Any CPU.Build.0 = Release|Any CPU
		{26019B10-48C7-4EA5-8C7C-5B86D459029A}.Debug|Any CPU.ActiveCfg = Debug|Any CPU
		{26019B10-48C7-4EA5-8C7C-5B86D459029A}.Debug|Any CPU.Build.0 = Debug|Any CPU
		{26019B10-48C7-4EA5-8C7C-5B86D459029A}.Release|Any CPU.ActiveCfg = Release|Any CPU
		{26019B10-48C7-4EA5-8C7C-5B86D459029A}.Release|Any CPU.Build.0 = Release|Any CPU
		{FFAE7D1E-038A-4830-8CCC-D12261E9BC2E}.Debug|Any CPU.ActiveCfg = Debug|Any CPU
		{FFAE7D1E-038A-4830-8CCC-D12261E9BC2E}.Debug|Any CPU.Build.0 = Debug|Any CPU
		{FFAE7D1E-038A-4830-8CCC-D12261E9BC2E}.Release|Any CPU.ActiveCfg = Release|Any CPU
		{FFAE7D1E-038A-4830-8CCC-D12261E9BC2E}.Release|Any CPU.Build.0 = Release|Any CPU
		{34CF06BB-0142-4645-B8C0-85E4FA2FAECB}.Debug|Any CPU.ActiveCfg = Debug|Any CPU
		{34CF06BB-0142-4645-B8C0-85E4FA2FAECB}.Debug|Any CPU.Build.0 = Debug|Any CPU
		{34CF06BB-0142-4645-B8C0-85E4FA2FAECB}.Release|Any CPU.ActiveCfg = Release|Any CPU
		{34CF06BB-0142-4645-B8C0-85E4FA2FAECB}.Release|Any CPU.Build.0 = Release|Any CPU
		{2C38F29D-86BE-4B64-9FA7-8B2C8C994B1C}.Debug|Any CPU.ActiveCfg = Debug|Any CPU
		{2C38F29D-86BE-4B64-9FA7-8B2C8C994B1C}.Debug|Any CPU.Build.0 = Debug|Any CPU
		{2C38F29D-86BE-4B64-9FA7-8B2C8C994B1C}.Release|Any CPU.ActiveCfg = Release|Any CPU
		{2C38F29D-86BE-4B64-9FA7-8B2C8C994B1C}.Release|Any CPU.Build.0 = Release|Any CPU
		{843E4A07-6536-4989-B08E-74BE1415695C}.Debug|Any CPU.ActiveCfg = Debug|Any CPU
		{843E4A07-6536-4989-B08E-74BE1415695C}.Debug|Any CPU.Build.0 = Debug|Any CPU
		{843E4A07-6536-4989-B08E-74BE1415695C}.Release|Any CPU.ActiveCfg = Release|Any CPU
		{843E4A07-6536-4989-B08E-74BE1415695C}.Release|Any CPU.Build.0 = Release|Any CPU
		{2A31E3EF-364C-4F1E-B97B-CFC5C005A494}.Debug|Any CPU.ActiveCfg = Debug|Any CPU
		{2A31E3EF-364C-4F1E-B97B-CFC5C005A494}.Debug|Any CPU.Build.0 = Debug|Any CPU
		{2A31E3EF-364C-4F1E-B97B-CFC5C005A494}.Release|Any CPU.ActiveCfg = Release|Any CPU
		{2A31E3EF-364C-4F1E-B97B-CFC5C005A494}.Release|Any CPU.Build.0 = Release|Any CPU
		{51084A7E-66BD-488D-90C3-0D7D346D9709}.Debug|Any CPU.ActiveCfg = Debug|Any CPU
		{51084A7E-66BD-488D-90C3-0D7D346D9709}.Debug|Any CPU.Build.0 = Debug|Any CPU
		{51084A7E-66BD-488D-90C3-0D7D346D9709}.Release|Any CPU.ActiveCfg = Release|Any CPU
		{51084A7E-66BD-488D-90C3-0D7D346D9709}.Release|Any CPU.Build.0 = Release|Any CPU
		{1CFFF128-C138-4351-A3E5-580E78ABB9A2}.Debug|Any CPU.ActiveCfg = Debug|Any CPU
		{1CFFF128-C138-4351-A3E5-580E78ABB9A2}.Debug|Any CPU.Build.0 = Debug|Any CPU
		{1CFFF128-C138-4351-A3E5-580E78ABB9A2}.Release|Any CPU.ActiveCfg = Release|Any CPU
		{1CFFF128-C138-4351-A3E5-580E78ABB9A2}.Release|Any CPU.Build.0 = Release|Any CPU
		{F7056774-A549-46BE-9B5F-821ECCCBBAB3}.Debug|Any CPU.ActiveCfg = Debug|Any CPU
		{F7056774-A549-46BE-9B5F-821ECCCBBAB3}.Debug|Any CPU.Build.0 = Debug|Any CPU
		{F7056774-A549-46BE-9B5F-821ECCCBBAB3}.Release|Any CPU.ActiveCfg = Release|Any CPU
		{F7056774-A549-46BE-9B5F-821ECCCBBAB3}.Release|Any CPU.Build.0 = Release|Any CPU
		{98B4E195-3858-4D27-AF1D-EBB5EB764BA6}.Debug|Any CPU.ActiveCfg = Debug|Any CPU
		{98B4E195-3858-4D27-AF1D-EBB5EB764BA6}.Debug|Any CPU.Build.0 = Debug|Any CPU
		{98B4E195-3858-4D27-AF1D-EBB5EB764BA6}.Release|Any CPU.ActiveCfg = Release|Any CPU
		{98B4E195-3858-4D27-AF1D-EBB5EB764BA6}.Release|Any CPU.Build.0 = Release|Any CPU
		{6446C1F2-DCF1-48FB-BD14-1ADEFBAC4D74}.Debug|Any CPU.ActiveCfg = Debug|Any CPU
		{6446C1F2-DCF1-48FB-BD14-1ADEFBAC4D74}.Debug|Any CPU.Build.0 = Debug|Any CPU
		{6446C1F2-DCF1-48FB-BD14-1ADEFBAC4D74}.Release|Any CPU.ActiveCfg = Release|Any CPU
		{6446C1F2-DCF1-48FB-BD14-1ADEFBAC4D74}.Release|Any CPU.Build.0 = Release|Any CPU
	EndGlobalSection
	GlobalSection(SolutionProperties) = preSolution
		HideSolutionNode = FALSE
	EndGlobalSection
	GlobalSection(NestedProjects) = preSolution
		{93AE16C0-A0FC-45C7-8421-2E98A7782666} = {4BA87232-89B7-4381-9830-031E5BFD8F24}
		{76008767-F3F9-4D2F-BE18-C7B28036DC5B} = {1A3C97C9-9F80-4249-A87A-DFF3F197F880}
		{A90F9388-2E16-4B43-B7CC-4110359BF81A} = {45F64213-6538-41C3-929F-C7C4E5F11D2F}
		{1CC9B228-4820-461A-87E1-E2800DFF0396} = {F7E4DFC2-9D1F-4139-84A2-E217D2551F9A}
		{B2608F3E-E03E-407F-91D8-B17B2C1A3D9F} = {4BA87232-89B7-4381-9830-031E5BFD8F24}
		{B084A199-0DD5-4736-A94A-2E59E31911CC} = {4BA87232-89B7-4381-9830-031E5BFD8F24}
		{308EF170-4CFC-491C-9F3E-CAFD75DC0A37} = {4BA87232-89B7-4381-9830-031E5BFD8F24}
		{ED13DB9F-C666-44ED-8A98-55E090779D40} = {1A3C97C9-9F80-4249-A87A-DFF3F197F880}
		{AEA3136D-E70F-4BAF-B28C-77211600930B} = {1A3C97C9-9F80-4249-A87A-DFF3F197F880}
		{26019B10-48C7-4EA5-8C7C-5B86D459029A} = {1A3C97C9-9F80-4249-A87A-DFF3F197F880}
		{FFAE7D1E-038A-4830-8CCC-D12261E9BC2E} = {F7E4DFC2-9D1F-4139-84A2-E217D2551F9A}
		{34CF06BB-0142-4645-B8C0-85E4FA2FAECB} = {F7E4DFC2-9D1F-4139-84A2-E217D2551F9A}
		{2C38F29D-86BE-4B64-9FA7-8B2C8C994B1C} = {F7E4DFC2-9D1F-4139-84A2-E217D2551F9A}
		{843E4A07-6536-4989-B08E-74BE1415695C} = {1CC9B228-4820-461A-87E1-E2800DFF0396}
		{2A31E3EF-364C-4F1E-B97B-CFC5C005A494} = {1CC9B228-4820-461A-87E1-E2800DFF0396}
		{51084A7E-66BD-488D-90C3-0D7D346D9709} = {1CC9B228-4820-461A-87E1-E2800DFF0396}
		{1CFFF128-C138-4351-A3E5-580E78ABB9A2} = {76008767-F3F9-4D2F-BE18-C7B28036DC5B}
		{F7056774-A549-46BE-9B5F-821ECCCBBAB3} = {76008767-F3F9-4D2F-BE18-C7B28036DC5B}
		{98B4E195-3858-4D27-AF1D-EBB5EB764BA6} = {93AE16C0-A0FC-45C7-8421-2E98A7782666}
		{6446C1F2-DCF1-48FB-BD14-1ADEFBAC4D74} = {93AE16C0-A0FC-45C7-8421-2E98A7782666}
	EndGlobalSection
	GlobalSection(ExtensibilityGlobals) = postSolution
		SolutionGuid = {918DB4E1-9EF6-44F6-AABA-03EF74AF00A3}
	EndGlobalSection
EndGlobal
