
Microsoft Visual Studio Solution File, Format Version 12.00
# Visual Studio Version 16
VisualStudioVersion = 16.0.29201.188
MinimumVisualStudioVersion = 10.0.40219.1
Project("{9A19103F-16F7-4668-BE54-9A1E7A4F7556}") = "Framework.Tests", "..\dotnet-packages\framework\test\Framework.Tests.csproj", "{0FC880DE-A349-4013-9713-E4709262E28E}"
EndProject
Project("{9A19103F-16F7-4668-BE54-9A1E7A4F7556}") = "Framework", "..\dotnet-packages\framework\src\Framework.csproj", "{2ABB0900-013E-45A5-A8BF-CF1089DF03DD}"
EndProject
Global
	GlobalSection(SolutionConfigurationPlatforms) = preSolution
		Debug|Any CPU = Debug|Any CPU
		Release|Any CPU = Release|Any CPU
	EndGlobalSection
	GlobalSection(ProjectConfigurationPlatforms) = postSolution
		{0FC880DE-A349-4013-9713-E4709262E28E}.Debug|Any CPU.ActiveCfg = Debug|Any CPU
		{0FC880DE-A349-4013-9713-E4709262E28E}.Debug|Any CPU.Build.0 = Debug|Any CPU
		{0FC880DE-A349-4013-9713-E4709262E28E}.Release|Any CPU.ActiveCfg = Release|Any CPU
		{0FC880DE-A349-4013-9713-E4709262E28E}.Release|Any CPU.Build.0 = Release|Any CPU
		{2ABB0900-013E-45A5-A8BF-CF1089DF03DD}.Debug|Any CPU.ActiveCfg = Debug|Any CPU
		{2ABB0900-013E-45A5-A8BF-CF1089DF03DD}.Debug|Any CPU.Build.0 = Debug|Any CPU
		{2ABB0900-013E-45A5-A8BF-CF1089DF03DD}.Release|Any CPU.ActiveCfg = Release|Any CPU
		{2ABB0900-013E-45A5-A8BF-CF1089DF03DD}.Release|Any CPU.Build.0 = Release|Any CPU
	EndGlobalSection
	GlobalSection(SolutionProperties) = preSolution
		HideSolutionNode = FALSE
	EndGlobalSection
	GlobalSection(ExtensibilityGlobals) = postSolution
		SolutionGuid = {1757E395-2D74-4755-BA6B-D0297E131450}
	EndGlobalSection
EndGlobal
